
Microsoft Visual Studio Solution File, Format Version 12.00
# Visual Studio Version 16
VisualStudioVersion = 16.0.31829.152
MinimumVisualStudioVersion = 10.0.40219.1
Project("{FAE04EC0-301F-11D3-BF4B-00C04F79EFBC}") = "Part_2", "Task_16\Part_2.csproj", "{A6765992-EC55-47EA-8758-0B58E586AE85}"
EndProject
Project("{FAE04EC0-301F-11D3-BF4B-00C04F79EFBC}") = "Part_1", "finally\Part_1.csproj", "{30F79FAA-6D50-449F-98CC-E7DB54F79207}"
EndProject
Global
	GlobalSection(SolutionConfigurationPlatforms) = preSolution
		Debug|Any CPU = Debug|Any CPU
		Release|Any CPU = Release|Any CPU
	EndGlobalSection
	GlobalSection(ProjectConfigurationPlatforms) = postSolution
		{A6765992-EC55-47EA-8758-0B58E586AE85}.Debug|Any CPU.ActiveCfg = Debug|Any CPU
		{A6765992-EC55-47EA-8758-0B58E586AE85}.Debug|Any CPU.Build.0 = Debug|Any CPU
		{A6765992-EC55-47EA-8758-0B58E586AE85}.Release|Any CPU.ActiveCfg = Release|Any CPU
		{A6765992-EC55-47EA-8758-0B58E586AE85}.Release|Any CPU.Build.0 = Release|Any CPU
		{30F79FAA-6D50-449F-98CC-E7DB54F79207}.Debug|Any CPU.ActiveCfg = Debug|Any CPU
		{30F79FAA-6D50-449F-98CC-E7DB54F79207}.Debug|Any CPU.Build.0 = Debug|Any CPU
		{30F79FAA-6D50-449F-98CC-E7DB54F79207}.Release|Any CPU.ActiveCfg = Release|Any CPU
		{30F79FAA-6D50-449F-98CC-E7DB54F79207}.Release|Any CPU.Build.0 = Release|Any CPU
	EndGlobalSection
	GlobalSection(SolutionProperties) = preSolution
		HideSolutionNode = FALSE
	EndGlobalSection
	GlobalSection(ExtensibilityGlobals) = postSolution
		SolutionGuid = {A2789DF1-E585-4D2F-9EDC-9F249E3BA7D3}
	EndGlobalSection
EndGlobal
